{
  "nodes": {
    "nixpkgs": {
      "locked": {
        "lastModified": 1677587185,
        "narHash": "sha256-zYT66MAYwctAQqI5VBw3LbBXiSKdB8vuMAqCGG8onbE=",
        "owner": "NixOS",
        "repo": "nixpkgs",
        "rev": "68196a61c26748d3e53a6803de3d2f8c69f27831",
        "type": "github"
      },
      "original": {
        "id": "nixpkgs",
        "ref": "nixos-unstable",
        "type": "indirect"
      }
    },
    "nixpkgs-avahi-deny-interfaces": {
      "locked": {
        "lastModified": 1677541313,
        "narHash": "sha256-QPyIrQGZr0UkOl9RNOKb0iPvsjMG2JaJaGB6dw5utRQ=",
        "owner": "jmbaur",
        "repo": "nixpkgs",
        "rev": "ea0dc2c5eb7c462a657e336763b1754efe1e5661",
        "type": "github"
      },
      "original": {
        "owner": "jmbaur",
        "ref": "avahi-daemon-deny-interfaces",
        "repo": "nixpkgs",
        "type": "github"
      }
    },
    "root": {
      "inputs": {
        "nixpkgs": "nixpkgs",
        "nixpkgs-avahi-deny-interfaces": "nixpkgs-avahi-deny-interfaces"
      }
    }
  },
  "root": "root",
  "version": 7
}
