{
  "nodes": {
    "nixpkgs": {
      "locked": {
        "lastModified": 1677063315,
        "narHash": "sha256-qiB4ajTeAOVnVSAwCNEEkoybrAlA+cpeiBxLobHndE8=",
        "owner": "NixOS",
        "repo": "nixpkgs",
        "rev": "988cc958c57ce4350ec248d2d53087777f9e1949",
        "type": "github"
      },
      "original": {
        "id": "nixpkgs",
        "ref": "nixos-unstable",
        "type": "indirect"
      }
    },
    "nixpkgs-avahi-deny-interfaces": {
      "locked": {
        "lastModified": 1677346460,
        "narHash": "sha256-0/1jcsKlEXs8yMU2/dpGb5g3MP1UV66qyYF1IvyyusI=",
        "owner": "jmbaur",
        "repo": "nixpkgs",
        "rev": "63d01d75dbeb16e5230d639cc79701b62aff0a39",
        "type": "github"
      },
      "original": {
        "owner": "jmbaur",
        "ref": "avahi-daemon-deny-interfaces",
        "repo": "nixpkgs",
        "type": "github"
      }
    },
    "root": {
      "inputs": {
        "nixpkgs": "nixpkgs",
        "nixpkgs-avahi-deny-interfaces": "nixpkgs-avahi-deny-interfaces"
      }
    }
  },
  "root": "root",
  "version": 7
}
